
Microsoft Visual Studio Solution File, Format Version 12.00
# Visual Studio Version 17
VisualStudioVersion = 17.0.31912.275
MinimumVisualStudioVersion = 10.0.40219.1
Project("{9A19103F-16F7-4668-BE54-9A1E7A4F7556}") = "csharp_pattern_design_observer", "csharp_pattern_design_observer.csproj", "{2B6287AB-4450-4CF7-A113-480713A659D8}"
EndProject
Project("{FAE04EC0-301F-11D3-BF4B-00C04F79EFBC}") = "Observer.Testing", "..\Observer.Testing\Observer.Testing.csproj", "{A91015A7-F4D9-478E-9B45-1C7070EB47BB}"
EndProject
Global
	GlobalSection(SolutionConfigurationPlatforms) = preSolution
		Debug|Any CPU = Debug|Any CPU
		Release|Any CPU = Release|Any CPU
	EndGlobalSection
	GlobalSection(ProjectConfigurationPlatforms) = postSolution
		{2B6287AB-4450-4CF7-A113-480713A659D8}.Debug|Any CPU.ActiveCfg = Debug|Any CPU
		{2B6287AB-4450-4CF7-A113-480713A659D8}.Debug|Any CPU.Build.0 = Debug|Any CPU
		{2B6287AB-4450-4CF7-A113-480713A659D8}.Release|Any CPU.ActiveCfg = Release|Any CPU
		{2B6287AB-4450-4CF7-A113-480713A659D8}.Release|Any CPU.Build.0 = Release|Any CPU
		{A91015A7-F4D9-478E-9B45-1C7070EB47BB}.Debug|Any CPU.ActiveCfg = Debug|Any CPU
		{A91015A7-F4D9-478E-9B45-1C7070EB47BB}.Debug|Any CPU.Build.0 = Debug|Any CPU
		{A91015A7-F4D9-478E-9B45-1C7070EB47BB}.Release|Any CPU.ActiveCfg = Release|Any CPU
		{A91015A7-F4D9-478E-9B45-1C7070EB47BB}.Release|Any CPU.Build.0 = Release|Any CPU
	EndGlobalSection
	GlobalSection(SolutionProperties) = preSolution
		HideSolutionNode = FALSE
	EndGlobalSection
	GlobalSection(ExtensibilityGlobals) = postSolution
		SolutionGuid = {D33A0745-2E3E-454C-A180-52BFEE7C68C0}
	EndGlobalSection
EndGlobal
